schema: '2.0'
stages:
  data_ingestion:
    cmd: python src/data/data_ingestion.py
    deps:
    - path: src/data/data_ingestion.py
      hash: md5
      md5: 58fbfdb9a8c76c03015a6e98b5973e49
      size: 4291
    params:
      params.yaml:
        data_ingestion.test_size: 0.25
    outs:
    - path: data/raw
      hash: md5
      md5: 1bf30b5e2382ce3ad7890ba226f86f16.dir
      size: 28376241
      nfiles: 2
  data_preprocessing:
    cmd: python src/data/data_preprocessing.py
    deps:
    - path: data/raw/test.csv
      hash: md5
      md5: de9d13333c7e3caa81e35ba58e1f340f
      size: 7123564
    - path: data/raw/train.csv
      hash: md5
      md5: 826058a4691de9e34a20b87640fcaabe
      size: 21252677
    - path: src/data/data_preprocessing.py
      hash: md5
      md5: 72ab680d346fb2c6543130ac26f90dd4
      size: 3856
    outs:
    - path: data/interim
      hash: md5
      md5: 235b9518543d557c95099f5b148bc935.dir
      size: 22017076
      nfiles: 2
  model_building:
    cmd: python src/model/model_building.py
    deps:
    - path: data/interim/train_processed.csv
      hash: md5
      md5: e8db8100d779515d4d18c1b563d399bd
      size: 16489067
    - path: src/model/model_building.py
      hash: md5
      md5: 1f9701eb679dba281b3dbba883fc5f71
      size: 5686
    params:
      params.yaml:
        model_building.learning_rate: 0.09
        model_building.max_depth: 20
        model_building.max_features: 10000
        model_building.n_estimators: 367
        model_building.ngram_range:
        - 1
        - 3
    outs:
    - path: lgbm_model.pkl
      hash: md5
      md5: be131e9573e7a59bad5929e227914cb0
      size: 4322818
    - path: tfidf_vectorizer.pkl
      hash: md5
      md5: 6cb226f396188c56dfe2a46951cffeab
      size: 388042
  model_evaluation:
    cmd: python src/model/model_evaluation.py
    deps:
    - path: data/interim/test_processed.csv
      hash: md5
      md5: 4cab41877fdcaebeac63ce6c7d1cdd82
      size: 5528009
    - path: data/interim/train_processed.csv
      hash: md5
      md5: e8db8100d779515d4d18c1b563d399bd
      size: 16489067
    - path: lgbm_model.pkl
      hash: md5
      md5: be131e9573e7a59bad5929e227914cb0
      size: 4322818
    - path: src/model/model_evaluation.py
      hash: md5
      md5: 3a20c76ea51815eea21b433f1fbc1026
      size: 6847
    - path: tfidf_vectorizer.pkl
      hash: md5
      md5: 6cb226f396188c56dfe2a46951cffeab
      size: 388042
    outs:
    - path: experiment_info.json
      hash: md5
      md5: e41fd7ad8cff3e72013f652c3b98cc76
      size: 87
  model_registory:
    cmd: python src/model/model_registory.py
    deps:
    - path: experiment_info.json
      hash: md5
      md5: e41fd7ad8cff3e72013f652c3b98cc76
      size: 87
    - path: src/model/model_registory.py
      hash: md5
      md5: 09523ec0b40b071fc60f569a04ec50ed
      size: 2481
