schema: '2.0'
stages:
  data_ingestion:
    cmd: python src/data/data_ingestion.py
    deps:
    - path: src/data/data_ingestion.py
      hash: md5
      md5: 1202118551c0483327157cc380e1cfe4
      size: 4178
    params:
      params.yaml:
        data_ingestion.test_size: 0.25
    outs:
    - path: data/raw
      hash: md5
      md5: 3f0a8965f0d19ff964dde4b8f7c38b8b.dir
      size: 28176537
      nfiles: 2
  data_preprocessing:
    cmd: python src/data/data_preprocessing.py
    deps:
    - path: data/raw/test.csv
      hash: md5
      md5: d75deb1e4c8768ec0ea9d24e95b16326
      size: 7073637
    - path: data/raw/train.csv
      hash: md5
      md5: 37913f21da927b0e591e388805e2da4f
      size: 21102900
    - path: src/data/data_preprocessing.py
      hash: md5
      md5: 0caf3d4322a07e68476124fa3cd75e24
      size: 3747
    outs:
    - path: data/interim
      hash: md5
      md5: d65faa75d38adeee08fa2da2f33969a4.dir
      size: 21810292
      nfiles: 2
  model_building:
    cmd: python src/model/model_building.py
    deps:
    - path: data/interim/train_processed.csv
      hash: md5
      md5: 187de310e09b4f278237a75fb363b3eb
      size: 16333994
    - path: src/model/model_building.py
      hash: md5
      md5: dfb9d868065227ff0c0d5928f64e9f10
      size: 5527
    params:
      params.yaml:
        model_building.learning_rate: 0.09
        model_building.max_depth: 20
        model_building.max_features: 10000
        model_building.n_estimators: 367
        model_building.ngram_range:
        - 1
        - 3
    outs:
    - path: lgbm_model.pkl
      hash: md5
      md5: 04b45858fa4e0bdfc08cb4ba83e226fe
      size: 4306046
    - path: tfidf_vectorizer.pkl
      hash: md5
      md5: 28a8e00a82e89a97cae6130621447584
      size: 388053
  model_evaluation:
    cmd: python src/model/model_evaluation.py
    deps:
    - path: data/interim/test_processed.csv
      hash: md5
      md5: 5bca90cd18ea62cdcdb2907028b44802
      size: 5476298
    - path: data/interim/train_processed.csv
      hash: md5
      md5: 187de310e09b4f278237a75fb363b3eb
      size: 16333994
    - path: lgbm_model.pkl
      hash: md5
      md5: 04b45858fa4e0bdfc08cb4ba83e226fe
      size: 4306046
    - path: src/model/model_evaluation.py
      hash: md5
      md5: b5ee3820c4eab2b77ff66d113c026931
      size: 7122
    - path: tfidf_vectorizer.pkl
      hash: md5
      md5: 28a8e00a82e89a97cae6130621447584
      size: 388053
    outs:
    - path: experiment_info.json
      hash: md5
      md5: 6929417a27b9f4ba867d9cfc405fc0d1
      size: 84
  model_registory:
    cmd: python src/model/model_registory.py
    deps:
    - path: experiment_info.json
      hash: md5
      md5: 6929417a27b9f4ba867d9cfc405fc0d1
      size: 84
    - path: src/model/model_registory.py
      hash: md5
      md5: bec018104024472acd1d039af560b520
      size: 2404
